// !$*UTF8*$!
{
	archiveVersion = 1;
	classes = {
	};
	objectVersion = 46;
	objects = {

/* Begin PBXBuildFile section */
		116EC056193A18C0006C0D75 /* Base64.m in Sources */ = {isa = PBXBuildFile; fileRef = 116EC055193A18C0006C0D75 /* Base64.m */; };
		118E1BD4193C851000223D10 /* libiconv.dylib in Frameworks */ = {isa = PBXBuildFile; fileRef = 118E1BD3193C851000223D10 /* libiconv.dylib */; };
		11B000F31927364500073386 /* Foundation.framework in Frameworks */ = {isa = PBXBuildFile; fileRef = 11B000F21927364500073386 /* Foundation.framework */; };
		11B000F51927364500073386 /* CoreGraphics.framework in Frameworks */ = {isa = PBXBuildFile; fileRef = 11B000F41927364500073386 /* CoreGraphics.framework */; };
		11B000F71927364500073386 /* UIKit.framework in Frameworks */ = {isa = PBXBuildFile; fileRef = 11B000F61927364500073386 /* UIKit.framework */; };
		11B000FD1927364500073386 /* InfoPlist.strings in Resources */ = {isa = PBXBuildFile; fileRef = 11B000FB1927364500073386 /* InfoPlist.strings */; };
		11B000FF1927364500073386 /* main.m in Sources */ = {isa = PBXBuildFile; fileRef = 11B000FE1927364500073386 /* main.m */; };
		11B001031927364500073386 /* AppDelegate.m in Sources */ = {isa = PBXBuildFile; fileRef = 11B001021927364500073386 /* AppDelegate.m */; };
		11B001051927364500073386 /* Images.xcassets in Resources */ = {isa = PBXBuildFile; fileRef = 11B001041927364500073386 /* Images.xcassets */; };
		11B0010C1927364500073386 /* XCTest.framework in Frameworks */ = {isa = PBXBuildFile; fileRef = 11B0010B1927364500073386 /* XCTest.framework */; };
		11B0010D1927364500073386 /* Foundation.framework in Frameworks */ = {isa = PBXBuildFile; fileRef = 11B000F21927364500073386 /* Foundation.framework */; };
		11B0010E1927364500073386 /* UIKit.framework in Frameworks */ = {isa = PBXBuildFile; fileRef = 11B000F61927364500073386 /* UIKit.framework */; };
		11B001161927364500073386 /* InfoPlist.strings in Resources */ = {isa = PBXBuildFile; fileRef = 11B001141927364500073386 /* InfoPlist.strings */; };
		11B001181927364500073386 /* wuyeTests.m in Sources */ = {isa = PBXBuildFile; fileRef = 11B001171927364500073386 /* wuyeTests.m */; };
		11B001221927394700073386 /* wuye.storyboard in Resources */ = {isa = PBXBuildFile; fileRef = 11B001211927394700073386 /* wuye.storyboard */; };
		11B0012519273A0600073386 /* RegisterViewController.m in Sources */ = {isa = PBXBuildFile; fileRef = 11B0012419273A0600073386 /* RegisterViewController.m */; };
		11B0012819273AE900073386 /* Utilities.m in Sources */ = {isa = PBXBuildFile; fileRef = 11B0012719273AE900073386 /* Utilities.m */; };
		11B0012B1927508400073386 /* ServiceMethods.m in Sources */ = {isa = PBXBuildFile; fileRef = 11B0012A1927508400073386 /* ServiceMethods.m */; };
		11CFEAA9193B690A004C188D /* ReceiptViewController.m in Sources */ = {isa = PBXBuildFile; fileRef = 11CFEAA8193B690A004C188D /* ReceiptViewController.m */; };
		11CFEAAC193B6929004C188D /* RedeemViewController.m in Sources */ = {isa = PBXBuildFile; fileRef = 11CFEAAB193B6929004C188D /* RedeemViewController.m */; };
		11DCD5EC193CA29A006A139A /* libzbar.a in Frameworks */ = {isa = PBXBuildFile; fileRef = 118E1BD1193C830700223D10 /* libzbar.a */; };
		11DCD5FB193CA6AC006A139A /* CoreMedia.framework in Frameworks */ = {isa = PBXBuildFile; fileRef = 11DCD5FA193CA6AC006A139A /* CoreMedia.framework */; };
		11DCD5FD193CA6D6006A139A /* AVFoundation.framework in Frameworks */ = {isa = PBXBuildFile; fileRef = 11DCD5FC193CA6D6006A139A /* AVFoundation.framework */; };
/* End PBXBuildFile section */

/* Begin PBXContainerItemProxy section */
		11B0010F1927364500073386 /* PBXContainerItemProxy */ = {
			isa = PBXContainerItemProxy;
			containerPortal = 11B000E71927364500073386 /* Project object */;
			proxyType = 1;
			remoteGlobalIDString = 11B000EE1927364500073386;
			remoteInfo = wuye;
		};
/* End PBXContainerItemProxy section */

/* Begin PBXFileReference section */
		116EC054193A18C0006C0D75 /* Base64.h */ = {isa = PBXFileReference; fileEncoding = 4; lastKnownFileType = sourcecode.c.h; path = Base64.h; sourceTree = "<group>"; };
		116EC055193A18C0006C0D75 /* Base64.m */ = {isa = PBXFileReference; fileEncoding = 4; lastKnownFileType = sourcecode.c.objc; path = Base64.m; sourceTree = "<group>"; };
		118E1BD1193C830700223D10 /* libzbar.a */ = {isa = PBXFileReference; lastKnownFileType = archive.ar; name = libzbar.a; path = ../libs/ZBarSDK/libzbar.a; sourceTree = "<group>"; };
		118E1BD3193C851000223D10 /* libiconv.dylib */ = {isa = PBXFileReference; lastKnownFileType = "compiled.mach-o.dylib"; name = libiconv.dylib; path = usr/lib/libiconv.dylib; sourceTree = SDKROOT; };
		11B000EF1927364500073386 /* wuye.app */ = {isa = PBXFileReference; explicitFileType = wrapper.application; includeInIndex = 0; path = wuye.app; sourceTree = BUILT_PRODUCTS_DIR; };
		11B000F21927364500073386 /* Foundation.framework */ = {isa = PBXFileReference; lastKnownFileType = wrapper.framework; name = Foundation.framework; path = System/Library/Frameworks/Foundation.framework; sourceTree = SDKROOT; };
		11B000F41927364500073386 /* CoreGraphics.framework */ = {isa = PBXFileReference; lastKnownFileType = wrapper.framework; name = CoreGraphics.framework; path = System/Library/Frameworks/CoreGraphics.framework; sourceTree = SDKROOT; };
		11B000F61927364500073386 /* UIKit.framework */ = {isa = PBXFileReference; lastKnownFileType = wrapper.framework; name = UIKit.framework; path = System/Library/Frameworks/UIKit.framework; sourceTree = SDKROOT; };
		11B000FA1927364500073386 /* wuye-Info.plist */ = {isa = PBXFileReference; lastKnownFileType = text.plist.xml; path = "wuye-Info.plist"; sourceTree = "<group>"; };
		11B000FC1927364500073386 /* en */ = {isa = PBXFileReference; lastKnownFileType = text.plist.strings; name = en; path = en.lproj/InfoPlist.strings; sourceTree = "<group>"; };
		11B000FE1927364500073386 /* main.m */ = {isa = PBXFileReference; lastKnownFileType = sourcecode.c.objc; path = main.m; sourceTree = "<group>"; };
		11B001001927364500073386 /* wuye-Prefix.pch */ = {isa = PBXFileReference; lastKnownFileType = sourcecode.c.h; path = "wuye-Prefix.pch"; sourceTree = "<group>"; };
		11B001011927364500073386 /* AppDelegate.h */ = {isa = PBXFileReference; lastKnownFileType = sourcecode.c.h; path = AppDelegate.h; sourceTree = "<group>"; };
		11B001021927364500073386 /* AppDelegate.m */ = {isa = PBXFileReference; lastKnownFileType = sourcecode.c.objc; path = AppDelegate.m; sourceTree = "<group>"; };
		11B001041927364500073386 /* Images.xcassets */ = {isa = PBXFileReference; lastKnownFileType = folder.assetcatalog; path = Images.xcassets; sourceTree = "<group>"; };
		11B0010A1927364500073386 /* wuyeTests.xctest */ = {isa = PBXFileReference; explicitFileType = wrapper.cfbundle; includeInIndex = 0; path = wuyeTests.xctest; sourceTree = BUILT_PRODUCTS_DIR; };
		11B0010B1927364500073386 /* XCTest.framework */ = {isa = PBXFileReference; lastKnownFileType = wrapper.framework; name = XCTest.framework; path = Library/Frameworks/XCTest.framework; sourceTree = DEVELOPER_DIR; };
		11B001131927364500073386 /* wuyeTests-Info.plist */ = {isa = PBXFileReference; lastKnownFileType = text.plist.xml; path = "wuyeTests-Info.plist"; sourceTree = "<group>"; };
		11B001151927364500073386 /* en */ = {isa = PBXFileReference; lastKnownFileType = text.plist.strings; name = en; path = en.lproj/InfoPlist.strings; sourceTree = "<group>"; };
		11B001171927364500073386 /* wuyeTests.m */ = {isa = PBXFileReference; lastKnownFileType = sourcecode.c.objc; path = wuyeTests.m; sourceTree = "<group>"; };
		11B001211927394700073386 /* wuye.storyboard */ = {isa = PBXFileReference; fileEncoding = 4; lastKnownFileType = file.storyboard; path = wuye.storyboard; sourceTree = "<group>"; };
		11B0012319273A0600073386 /* RegisterViewController.h */ = {isa = PBXFileReference; fileEncoding = 4; lastKnownFileType = sourcecode.c.h; path = RegisterViewController.h; sourceTree = "<group>"; };
		11B0012419273A0600073386 /* RegisterViewController.m */ = {isa = PBXFileReference; fileEncoding = 4; lastKnownFileType = sourcecode.c.objc; path = RegisterViewController.m; sourceTree = "<group>"; };
		11B0012619273AE900073386 /* Utilities.h */ = {isa = PBXFileReference; fileEncoding = 4; lastKnownFileType = sourcecode.c.h; path = Utilities.h; sourceTree = "<group>"; };
		11B0012719273AE900073386 /* Utilities.m */ = {isa = PBXFileReference; fileEncoding = 4; lastKnownFileType = sourcecode.c.objc; path = Utilities.m; sourceTree = "<group>"; };
		11B001291927508400073386 /* ServiceMethods.h */ = {isa = PBXFileReference; fileEncoding = 4; lastKnownFileType = sourcecode.c.h; path = ServiceMethods.h; sourceTree = "<group>"; };
		11B0012A1927508400073386 /* ServiceMethods.m */ = {isa = PBXFileReference; fileEncoding = 4; lastKnownFileType = sourcecode.c.objc; path = ServiceMethods.m; sourceTree = "<group>"; };
		11CFEAA5193B66AF004C188D /* libzbar.a */ = {isa = PBXFileReference; lastKnownFileType = archive.ar; name = libzbar.a; path = ../../../../libs/ZBarSDK/libzbar.a; sourceTree = "<group>"; };
		11CFEAA7193B690A004C188D /* ReceiptViewController.h */ = {isa = PBXFileReference; fileEncoding = 4; lastKnownFileType = sourcecode.c.h; path = ReceiptViewController.h; sourceTree = "<group>"; };
		11CFEAA8193B690A004C188D /* ReceiptViewController.m */ = {isa = PBXFileReference; fileEncoding = 4; lastKnownFileType = sourcecode.c.objc; path = ReceiptViewController.m; sourceTree = "<group>"; };
		11CFEAAA193B6929004C188D /* RedeemViewController.h */ = {isa = PBXFileReference; fileEncoding = 4; lastKnownFileType = sourcecode.c.h; path = RedeemViewController.h; sourceTree = "<group>"; };
		11CFEAAB193B6929004C188D /* RedeemViewController.m */ = {isa = PBXFileReference; fileEncoding = 4; lastKnownFileType = sourcecode.c.objc; path = RedeemViewController.m; sourceTree = "<group>"; };
		11DCD5EE193CA590006A139A /* zbar.h */ = {isa = PBXFileReference; fileEncoding = 4; lastKnownFileType = sourcecode.c.h; path = zbar.h; sourceTree = "<group>"; };
		11DCD5EF193CA590006A139A /* ZBarCameraSimulator.h */ = {isa = PBXFileReference; fileEncoding = 4; lastKnownFileType = sourcecode.c.h; path = ZBarCameraSimulator.h; sourceTree = "<group>"; };
		11DCD5F0193CA590006A139A /* ZBarCaptureReader.h */ = {isa = PBXFileReference; fileEncoding = 4; lastKnownFileType = sourcecode.c.h; path = ZBarCaptureReader.h; sourceTree = "<group>"; };
		11DCD5F1193CA590006A139A /* ZBarHelpController.h */ = {isa = PBXFileReference; fileEncoding = 4; lastKnownFileType = sourcecode.c.h; path = ZBarHelpController.h; sourceTree = "<group>"; };
		11DCD5F2193CA590006A139A /* ZBarImage.h */ = {isa = PBXFileReference; fileEncoding = 4; lastKnownFileType = sourcecode.c.h; path = ZBarImage.h; sourceTree = "<group>"; };
		11DCD5F3193CA590006A139A /* ZBarImageScanner.h */ = {isa = PBXFileReference; fileEncoding = 4; lastKnownFileType = sourcecode.c.h; path = ZBarImageScanner.h; sourceTree = "<group>"; };
		11DCD5F4193CA590006A139A /* ZBarReaderController.h */ = {isa = PBXFileReference; fileEncoding = 4; lastKnownFileType = sourcecode.c.h; path = ZBarReaderController.h; sourceTree = "<group>"; };
		11DCD5F5193CA590006A139A /* ZBarReaderView.h */ = {isa = PBXFileReference; fileEncoding = 4; lastKnownFileType = sourcecode.c.h; path = ZBarReaderView.h; sourceTree = "<group>"; };
		11DCD5F6193CA590006A139A /* ZBarReaderViewController.h */ = {isa = PBXFileReference; fileEncoding = 4; lastKnownFileType = sourcecode.c.h; path = ZBarReaderViewController.h; sourceTree = "<group>"; };
		11DCD5F7193CA590006A139A /* ZBarSDK.h */ = {isa = PBXFileReference; fileEncoding = 4; lastKnownFileType = sourcecode.c.h; path = ZBarSDK.h; sourceTree = "<group>"; };
		11DCD5F8193CA590006A139A /* ZBarSymbol.h */ = {isa = PBXFileReference; fileEncoding = 4; lastKnownFileType = sourcecode.c.h; path = ZBarSymbol.h; sourceTree = "<group>"; };
		11DCD5F9193CA61D006A139A /* ZBarCVImage.h */ = {isa = PBXFileReference; fileEncoding = 4; lastKnownFileType = sourcecode.c.h; path = ZBarCVImage.h; sourceTree = "<group>"; };
		11DCD5FA193CA6AC006A139A /* CoreMedia.framework */ = {isa = PBXFileReference; lastKnownFileType = wrapper.framework; name = CoreMedia.framework; path = System/Library/Frameworks/CoreMedia.framework; sourceTree = SDKROOT; };
		11DCD5FC193CA6D6006A139A /* AVFoundation.framework */ = {isa = PBXFileReference; lastKnownFileType = wrapper.framework; name = AVFoundation.framework; path = System/Library/Frameworks/AVFoundation.framework; sourceTree = SDKROOT; };
/* End PBXFileReference section */

/* Begin PBXFrameworksBuildPhase section */
		11B000EC1927364500073386 /* Frameworks */ = {
			isa = PBXFrameworksBuildPhase;
			buildActionMask = 2147483647;
			files = (
				11DCD5FD193CA6D6006A139A /* AVFoundation.framework in Frameworks */,
				11DCD5FB193CA6AC006A139A /* CoreMedia.framework in Frameworks */,
				11DCD5EC193CA29A006A139A /* libzbar.a in Frameworks */,
				118E1BD4193C851000223D10 /* libiconv.dylib in Frameworks */,
				11B000F51927364500073386 /* CoreGraphics.framework in Frameworks */,
				11B000F71927364500073386 /* UIKit.framework in Frameworks */,
				11B000F31927364500073386 /* Foundation.framework in Frameworks */,
			);
			runOnlyForDeploymentPostprocessing = 0;
		};
		11B001071927364500073386 /* Frameworks */ = {
			isa = PBXFrameworksBuildPhase;
			buildActionMask = 2147483647;
			files = (
				11B0010C1927364500073386 /* XCTest.framework in Frameworks */,
				11B0010E1927364500073386 /* UIKit.framework in Frameworks */,
				11B0010D1927364500073386 /* Foundation.framework in Frameworks */,
			);
			runOnlyForDeploymentPostprocessing = 0;
		};
/* End PBXFrameworksBuildPhase section */

/* Begin PBXGroup section */
		11B000E61927364500073386 = {
			isa = PBXGroup;
			children = (
				11B000F81927364500073386 /* wuye */,
				11B001111927364500073386 /* wuyeTests */,
				11B000F11927364500073386 /* Frameworks */,
				11B000F01927364500073386 /* Products */,
			);
			sourceTree = "<group>";
		};
		11B000F01927364500073386 /* Products */ = {
			isa = PBXGroup;
			children = (
				11B000EF1927364500073386 /* wuye.app */,
				11B0010A1927364500073386 /* wuyeTests.xctest */,
			);
			name = Products;
			sourceTree = "<group>";
		};
		11B000F11927364500073386 /* Frameworks */ = {
			isa = PBXGroup;
			children = (
				11DCD5FC193CA6D6006A139A /* AVFoundation.framework */,
				11DCD5FA193CA6AC006A139A /* CoreMedia.framework */,
				118E1BD3193C851000223D10 /* libiconv.dylib */,
				118E1BD1193C830700223D10 /* libzbar.a */,
				11CFEAA5193B66AF004C188D /* libzbar.a */,
				11B000F21927364500073386 /* Foundation.framework */,
				11B000F41927364500073386 /* CoreGraphics.framework */,
				11B000F61927364500073386 /* UIKit.framework */,
				11B0010B1927364500073386 /* XCTest.framework */,
			);
			name = Frameworks;
			sourceTree = "<group>";
		};
		11B000F81927364500073386 /* wuye */ = {
			isa = PBXGroup;
			children = (
				11DCD5ED193CA57B006A139A /* ZBarSDK */,
				116EC054193A18C0006C0D75 /* Base64.h */,
				116EC055193A18C0006C0D75 /* Base64.m */,
				11B001011927364500073386 /* AppDelegate.h */,
				11B001021927364500073386 /* AppDelegate.m */,
				11B001041927364500073386 /* Images.xcassets */,
				11B000F91927364500073386 /* Supporting Files */,
				11B001211927394700073386 /* wuye.storyboard */,
				11B0012319273A0600073386 /* RegisterViewController.h */,
				11B0012419273A0600073386 /* RegisterViewController.m */,
				11B0012619273AE900073386 /* Utilities.h */,
				11B0012719273AE900073386 /* Utilities.m */,
				11B001291927508400073386 /* ServiceMethods.h */,
				11B0012A1927508400073386 /* ServiceMethods.m */,
				11CFEAA7193B690A004C188D /* ReceiptViewController.h */,
				11CFEAA8193B690A004C188D /* ReceiptViewController.m */,
				11CFEAAA193B6929004C188D /* RedeemViewController.h */,
				11CFEAAB193B6929004C188D /* RedeemViewController.m */,
			);
			path = wuye;
			sourceTree = "<group>";
		};
		11B000F91927364500073386 /* Supporting Files */ = {
			isa = PBXGroup;
			children = (
				11B000FA1927364500073386 /* wuye-Info.plist */,
				11B000FB1927364500073386 /* InfoPlist.strings */,
				11B000FE1927364500073386 /* main.m */,
				11B001001927364500073386 /* wuye-Prefix.pch */,
			);
			name = "Supporting Files";
			sourceTree = "<group>";
		};
		11B001111927364500073386 /* wuyeTests */ = {
			isa = PBXGroup;
			children = (
				11B001171927364500073386 /* wuyeTests.m */,
				11B001121927364500073386 /* Supporting Files */,
			);
			path = wuyeTests;
			sourceTree = "<group>";
		};
		11B001121927364500073386 /* Supporting Files */ = {
			isa = PBXGroup;
			children = (
				11B001131927364500073386 /* wuyeTests-Info.plist */,
				11B001141927364500073386 /* InfoPlist.strings */,
			);
			name = "Supporting Files";
			sourceTree = "<group>";
		};
		11DCD5ED193CA57B006A139A /* ZBarSDK */ = {
			isa = PBXGroup;
			children = (
				11DCD5F9193CA61D006A139A /* ZBarCVImage.h */,
				11DCD5EE193CA590006A139A /* zbar.h */,
				11DCD5EF193CA590006A139A /* ZBarCameraSimulator.h */,
				11DCD5F0193CA590006A139A /* ZBarCaptureReader.h */,
				11DCD5F1193CA590006A139A /* ZBarHelpController.h */,
				11DCD5F2193CA590006A139A /* ZBarImage.h */,
				11DCD5F3193CA590006A139A /* ZBarImageScanner.h */,
				11DCD5F4193CA590006A139A /* ZBarReaderController.h */,
				11DCD5F5193CA590006A139A /* ZBarReaderView.h */,
				11DCD5F6193CA590006A139A /* ZBarReaderViewController.h */,
				11DCD5F7193CA590006A139A /* ZBarSDK.h */,
				11DCD5F8193CA590006A139A /* ZBarSymbol.h */,
			);
			path = ZBarSDK;
			sourceTree = "<group>";
		};
/* End PBXGroup section */

/* Begin PBXNativeTarget section */
		11B000EE1927364500073386 /* wuye */ = {
			isa = PBXNativeTarget;
			buildConfigurationList = 11B0011B1927364500073386 /* Build configuration list for PBXNativeTarget "wuye" */;
			buildPhases = (
				11B000EB1927364500073386 /* Sources */,
				11B000EC1927364500073386 /* Frameworks */,
				11B000ED1927364500073386 /* Resources */,
			);
			buildRules = (
			);
			dependencies = (
			);
			name = wuye;
			productName = wuye;
			productReference = 11B000EF1927364500073386 /* wuye.app */;
			productType = "com.apple.product-type.application";
		};
		11B001091927364500073386 /* wuyeTests */ = {
			isa = PBXNativeTarget;
			buildConfigurationList = 11B0011E1927364500073386 /* Build configuration list for PBXNativeTarget "wuyeTests" */;
			buildPhases = (
				11B001061927364500073386 /* Sources */,
				11B001071927364500073386 /* Frameworks */,
				11B001081927364500073386 /* Resources */,
			);
			buildRules = (
			);
			dependencies = (
				11B001101927364500073386 /* PBXTargetDependency */,
			);
			name = wuyeTests;
			productName = wuyeTests;
			productReference = 11B0010A1927364500073386 /* wuyeTests.xctest */;
			productType = "com.apple.product-type.bundle.unit-test";
		};
/* End PBXNativeTarget section */

/* Begin PBXProject section */
		11B000E71927364500073386 /* Project object */ = {
			isa = PBXProject;
			attributes = {
				LastUpgradeCheck = 0510;
				ORGANIZATIONNAME = "Chaojun Sun";
				TargetAttributes = {
					11B001091927364500073386 = {
						TestTargetID = 11B000EE1927364500073386;
					};
				};
			};
			buildConfigurationList = 11B000EA1927364500073386 /* Build configuration list for PBXProject "wuye" */;
			compatibilityVersion = "Xcode 3.2";
			developmentRegion = English;
			hasScannedForEncodings = 0;
			knownRegions = (
				en,
			);
			mainGroup = 11B000E61927364500073386;
			productRefGroup = 11B000F01927364500073386 /* Products */;
			projectDirPath = "";
			projectRoot = "";
			targets = (
				11B000EE1927364500073386 /* wuye */,
				11B001091927364500073386 /* wuyeTests */,
			);
		};
/* End PBXProject section */

/* Begin PBXResourcesBuildPhase section */
		11B000ED1927364500073386 /* Resources */ = {
			isa = PBXResourcesBuildPhase;
			buildActionMask = 2147483647;
			files = (
				11B001221927394700073386 /* wuye.storyboard in Resources */,
				11B000FD1927364500073386 /* InfoPlist.strings in Resources */,
				11B001051927364500073386 /* Images.xcassets in Resources */,
			);
			runOnlyForDeploymentPostprocessing = 0;
		};
		11B001081927364500073386 /* Resources */ = {
			isa = PBXResourcesBuildPhase;
			buildActionMask = 2147483647;
			files = (
				11B001161927364500073386 /* InfoPlist.strings in Resources */,
			);
			runOnlyForDeploymentPostprocessing = 0;
		};
/* End PBXResourcesBuildPhase section */

/* Begin PBXSourcesBuildPhase section */
		11B000EB1927364500073386 /* Sources */ = {
			isa = PBXSourcesBuildPhase;
			buildActionMask = 2147483647;
			files = (
				11B001031927364500073386 /* AppDelegate.m in Sources */,
				11CFEAA9193B690A004C188D /* ReceiptViewController.m in Sources */,
				11CFEAAC193B6929004C188D /* RedeemViewController.m in Sources */,
				11B0012519273A0600073386 /* RegisterViewController.m in Sources */,
				11B0012819273AE900073386 /* Utilities.m in Sources */,
				11B0012B1927508400073386 /* ServiceMethods.m in Sources */,
				116EC056193A18C0006C0D75 /* Base64.m in Sources */,
				11B000FF1927364500073386 /* main.m in Sources */,
			);
			runOnlyForDeploymentPostprocessing = 0;
		};
		11B001061927364500073386 /* Sources */ = {
			isa = PBXSourcesBuildPhase;
			buildActionMask = 2147483647;
			files = (
				11B001181927364500073386 /* wuyeTests.m in Sources */,
			);
			runOnlyForDeploymentPostprocessing = 0;
		};
/* End PBXSourcesBuildPhase section */

/* Begin PBXTargetDependency section */
		11B001101927364500073386 /* PBXTargetDependency */ = {
			isa = PBXTargetDependency;
			target = 11B000EE1927364500073386 /* wuye */;
			targetProxy = 11B0010F1927364500073386 /* PBXContainerItemProxy */;
		};
/* End PBXTargetDependency section */

/* Begin PBXVariantGroup section */
		11B000FB1927364500073386 /* InfoPlist.strings */ = {
			isa = PBXVariantGroup;
			children = (
				11B000FC1927364500073386 /* en */,
			);
			name = InfoPlist.strings;
			sourceTree = "<group>";
		};
		11B001141927364500073386 /* InfoPlist.strings */ = {
			isa = PBXVariantGroup;
			children = (
				11B001151927364500073386 /* en */,
			);
			name = InfoPlist.strings;
			sourceTree = "<group>";
		};
/* End PBXVariantGroup section */

/* Begin XCBuildConfiguration section */
		11B001191927364500073386 /* Debug */ = {
			isa = XCBuildConfiguration;
			buildSettings = {
				ALWAYS_SEARCH_USER_PATHS = NO;
				CLANG_CXX_LANGUAGE_STANDARD = "gnu++0x";
				CLANG_CXX_LIBRARY = "libc++";
				CLANG_ENABLE_MODULES = YES;
				CLANG_ENABLE_OBJC_ARC = YES;
				CLANG_WARN_BOOL_CONVERSION = YES;
				CLANG_WARN_CONSTANT_CONVERSION = YES;
				CLANG_WARN_DIRECT_OBJC_ISA_USAGE = YES_ERROR;
				CLANG_WARN_EMPTY_BODY = YES;
				CLANG_WARN_ENUM_CONVERSION = YES;
				CLANG_WARN_INT_CONVERSION = YES;
				CLANG_WARN_OBJC_ROOT_CLASS = YES_ERROR;
				CLANG_WARN__DUPLICATE_METHOD_MATCH = YES;
				"CODE_SIGN_IDENTITY[sdk=iphoneos*]" = "iPhone Developer";
				COPY_PHASE_STRIP = NO;
				GCC_C_LANGUAGE_STANDARD = gnu99;
				GCC_DYNAMIC_NO_PIC = NO;
				GCC_OPTIMIZATION_LEVEL = 0;
				GCC_PREPROCESSOR_DEFINITIONS = (
					"DEBUG=1",
					"$(inherited)",
				);
				GCC_SYMBOLS_PRIVATE_EXTERN = NO;
				GCC_WARN_64_TO_32_BIT_CONVERSION = YES;
				GCC_WARN_ABOUT_RETURN_TYPE = YES_ERROR;
				GCC_WARN_UNDECLARED_SELECTOR = YES;
				GCC_WARN_UNINITIALIZED_AUTOS = YES_AGGRESSIVE;
				GCC_WARN_UNUSED_FUNCTION = YES;
				GCC_WARN_UNUSED_VARIABLE = YES;
				IPHONEOS_DEPLOYMENT_TARGET = 7.1;
				ONLY_ACTIVE_ARCH = YES;
				SDKROOT = iphoneos;
			};
			name = Debug;
		};
		11B0011A1927364500073386 /* Release */ = {
			isa = XCBuildConfiguration;
			buildSettings = {
				ALWAYS_SEARCH_USER_PATHS = NO;
				CLANG_CXX_LANGUAGE_STANDARD = "gnu++0x";
				CLANG_CXX_LIBRARY = "libc++";
				CLANG_ENABLE_MODULES = YES;
				CLANG_ENABLE_OBJC_ARC = YES;
				CLANG_WARN_BOOL_CONVERSION = YES;
				CLANG_WARN_CONSTANT_CONVERSION = YES;
				CLANG_WARN_DIRECT_OBJC_ISA_USAGE = YES_ERROR;
				CLANG_WARN_EMPTY_BODY = YES;
				CLANG_WARN_ENUM_CONVERSION = YES;
				CLANG_WARN_INT_CONVERSION = YES;
				CLANG_WARN_OBJC_ROOT_CLASS = YES_ERROR;
				CLANG_WARN__DUPLICATE_METHOD_MATCH = YES;
				"CODE_SIGN_IDENTITY[sdk=iphoneos*]" = "iPhone Developer";
				COPY_PHASE_STRIP = YES;
				ENABLE_NS_ASSERTIONS = NO;
				GCC_C_LANGUAGE_STANDARD = gnu99;
				GCC_WARN_64_TO_32_BIT_CONVERSION = YES;
				GCC_WARN_ABOUT_RETURN_TYPE = YES_ERROR;
				GCC_WARN_UNDECLARED_SELECTOR = YES;
				GCC_WARN_UNINITIALIZED_AUTOS = YES_AGGRESSIVE;
				GCC_WARN_UNUSED_FUNCTION = YES;
				GCC_WARN_UNUSED_VARIABLE = YES;
				IPHONEOS_DEPLOYMENT_TARGET = 7.1;
				SDKROOT = iphoneos;
				VALIDATE_PRODUCT = YES;
			};
			name = Release;
		};
		11B0011C1927364500073386 /* Debug */ = {
			isa = XCBuildConfiguration;
			buildSettings = {
				ARCHS = "$(ARCHS_STANDARD)";
				ASSETCATALOG_COMPILER_APPICON_NAME = AppIcon;
				ASSETCATALOG_COMPILER_LAUNCHIMAGE_NAME = LaunchImage;
				CODE_SIGN_IDENTITY = "iPhone Developer: Zhiguo Ma (9QG3K6B9YZ)";
				GCC_PRECOMPILE_PREFIX_HEADER = YES;
				GCC_PREFIX_HEADER = "wuye/wuye-Prefix.pch";
				INFOPLIST_FILE = "wuye/wuye-Info.plist";
				IPHONEOS_DEPLOYMENT_TARGET = 6.0;
				LIBRARY_SEARCH_PATHS = (
					"$(inherited)",
					"$(SRCROOT)/../libs/ZBarSDK",
				);
				PRODUCT_NAME = "$(TARGET_NAME)";
				PROVISIONING_PROFILE = "923E06F9-B9BA-4853-86F1-1BD244F40E32";
				VALID_ARCHS = "armv7 armv7s arm64";
				WRAPPER_EXTENSION = app;
			};
			name = Debug;
		};
		11B0011D1927364500073386 /* Release */ = {
			isa = XCBuildConfiguration;
			buildSettings = {
				ARCHS = "$(ARCHS_STANDARD)";
				ASSETCATALOG_COMPILER_APPICON_NAME = AppIcon;
				ASSETCATALOG_COMPILER_LAUNCHIMAGE_NAME = LaunchImage;
				CODE_SIGN_IDENTITY = "iPhone Developer: Zhiguo Ma (9QG3K6B9YZ)";
				GCC_PRECOMPILE_PREFIX_HEADER = YES;
				GCC_PREFIX_HEADER = "wuye/wuye-Prefix.pch";
				INFOPLIST_FILE = "wuye/wuye-Info.plist";
				IPHONEOS_DEPLOYMENT_TARGET = 6.0;
				LIBRARY_SEARCH_PATHS = (
					"$(inherited)",
					"$(SRCROOT)/../libs/ZBarSDK",
				);
				PRODUCT_NAME = "$(TARGET_NAME)";
				PROVISIONING_PROFILE = "923E06F9-B9BA-4853-86F1-1BD244F40E32";
				VALID_ARCHS = "armv7 armv7s arm64";
				WRAPPER_EXTENSION = app;
			};
			name = Release;
		};
		11B0011F1927364500073386 /* Debug */ = {
			isa = XCBuildConfiguration;
			buildSettings = {
				BUNDLE_LOADER = "$(BUILT_PRODUCTS_DIR)/wuye.app/wuye";
				FRAMEWORK_SEARCH_PATHS = (
					"$(SDKROOT)/Developer/Library/Frameworks",
					"$(inherited)",
					"$(DEVELOPER_FRAMEWORKS_DIR)",
				);
				GCC_PRECOMPILE_PREFIX_HEADER = YES;
				GCC_PREFIX_HEADER = "wuye/wuye-Prefix.pch";
				GCC_PREPROCESSOR_DEFINITIONS = (
					"DEBUG=1",
					"$(inherited)",
				);
				INFOPLIST_FILE = "wuyeTests/wuyeTests-Info.plist";
				PRODUCT_NAME = "$(TARGET_NAME)";
				TEST_HOST = "$(BUNDLE_LOADER)";
				WRAPPER_EXTENSION = xctest;
			};
			name = Debug;
		};
		11B001201927364500073386 /* Release */ = {
			isa = XCBuildConfiguration;
			buildSettings = {
				BUNDLE_LOADER = "$(BUILT_PRODUCTS_DIR)/wuye.app/wuye";
				FRAMEWORK_SEARCH_PATHS = (
					"$(SDKROOT)/Developer/Library/Frameworks",
					"$(inherited)",
					"$(DEVELOPER_FRAMEWORKS_DIR)",
				);
				GCC_PRECOMPILE_PREFIX_HEADER = YES;
				GCC_PREFIX_HEADER = "wuye/wuye-Prefix.pch";
				INFOPLIST_FILE = "wuyeTests/wuyeTests-Info.plist";
				PRODUCT_NAME = "$(TARGET_NAME)";
				TEST_HOST = "$(BUNDLE_LOADER)";
				WRAPPER_EXTENSION = xctest;
			};
			name = Release;
		};
/* End XCBuildConfiguration section */

/* Begin XCConfigurationList section */
		11B000EA1927364500073386 /* Build configuration list for PBXProject "wuye" */ = {
			isa = XCConfigurationList;
			buildConfigurations = (
				11B001191927364500073386 /* Debug */,
				11B0011A1927364500073386 /* Release */,
			);
			defaultConfigurationIsVisible = 0;
			defaultConfigurationName = Release;
		};
		11B0011B1927364500073386 /* Build configuration list for PBXNativeTarget "wuye" */ = {
			isa = XCConfigurationList;
			buildConfigurations = (
				11B0011C1927364500073386 /* Debug */,
				11B0011D1927364500073386 /* Release */,
			);
			defaultConfigurationIsVisible = 0;
			defaultConfigurationName = Release;
		};
		11B0011E1927364500073386 /* Build configuration list for PBXNativeTarget "wuyeTests" */ = {
			isa = XCConfigurationList;
			buildConfigurations = (
				11B0011F1927364500073386 /* Debug */,
				11B001201927364500073386 /* Release */,
			);
			defaultConfigurationIsVisible = 0;
			defaultConfigurationName = Release;
		};
/* End XCConfigurationList section */
	};
	rootObject = 11B000E71927364500073386 /* Project object */;
}
